<Solution>
  <Configurations>
    <Platform Name="x64" />
    <Platform Name="x86" />
  </Configurations>
  <Project Path="external/DirectXTex/DirectXTex/DirectXTex_Desktop_2022.vcxproj" Id="371b9fa9-4c90-4ac6-a123-aced756d6c77" />
  <Project Path="FD2D/FD2D.vcxproj" Id="a1b2c3d4-e5f6-7890-abcd-ef1234567890" />
  <Project Path="FICture2.vcxproj" Id="7fdf43a8-0746-4e2a-86ab-e3a4a3d18e44" />
  <Project Path="ImageCore/ImageCore.vcxproj" Id="b2c3d4e5-f6a7-8901-bcde-f12345678901" />
</Solution>
