<?xml version="1.0" encoding="utf-8"?>
<Project ToolsVersion="4.0" xmlns="http://schemas.microsoft.com/developer/msbuild/2003">
  <ItemGroup>
    <Filter Include="소스 파일">
      <UniqueIdentifier>{4FC737F1-C7A5-4376-A066-2A32D752A2FF}</UniqueIdentifier>
      <Extensions>cpp;c;cc;cxx;c++;cppm;ixx;def;odl;idl;hpj;bat;asm;asmx</Extensions>
    </Filter>
    <Filter Include="헤더 파일">
      <UniqueIdentifier>{93995380-89BD-4b04-88EB-625FBE52EBFB}</UniqueIdentifier>
      <Extensions>h;hh;hpp;hxx;h++;hm;inl;inc;ipp;xsd</Extensions>
    </Filter>
    <Filter Include="리소스 파일">
      <UniqueIdentifier>{67DA6AB6-F800-4c08-8B7A-83BB121AAD01}</UniqueIdentifier>
      <Extensions>rc;ico;cur;bmp;dlg;rc2;rct;bin;rgs;gif;jpg;jpeg;jpe;resx;tiff;tif;png;wav;mfcribbon-ms</Extensions>
    </Filter>
  </ItemGroup>
  <ItemGroup>
    <ClInclude Include="framework.h">
      <Filter>헤더 파일</Filter>
    </ClInclude>
    <ClInclude Include="targetver.h">
      <Filter>헤더 파일</Filter>
    </ClInclude>
    <ClInclude Include="Resource.h">
      <Filter>헤더 파일</Filter>
    </ClInclude>
    <ClInclude Include="FICture2.h">
      <Filter>헤더 파일</Filter>
    </ClInclude>
    <ClInclude Include="AppIpc.h">
      <Filter>헤더 파일</Filter>
    </ClInclude>
    <ClInclude Include="AppSetup.h">
      <Filter>헤더 파일</Filter>
    </ClInclude>
    <ClInclude Include="ImageBrowser.h">
      <Filter>헤더 파일</Filter>
    </ClInclude>
    <ClInclude Include="IpcCompareRequest.h">
      <Filter>헤더 파일</Filter>
    </ClInclude>
    <ClInclude Include="ThumbImageTile.h">
      <Filter>헤더 파일</Filter>
    </ClInclude>
    <ClInclude Include="ThumbNavTile.h">
      <Filter>헤더 파일</Filter>
    </ClInclude>
    <ClInclude Include="Ficture2Backplate.h">
      <Filter>헤더 파일</Filter>
    </ClInclude>
    <ClInclude Include="ArchiveReader.h">
      <Filter>헤더 파일</Filter>
    </ClInclude>
  </ItemGroup>
  <ItemGroup>
    <ClCompile Include="FICture2.cpp">
      <Filter>소스 파일</Filter>
    </ClCompile>
    <ClCompile Include="AppIpc.cpp">
      <Filter>소스 파일</Filter>
    </ClCompile>
    <ClCompile Include="AppSetup.cpp">
      <Filter>소스 파일</Filter>
    </ClCompile>
    <ClCompile Include="ImageBrowser.cpp">
      <Filter>소스 파일</Filter>
    </ClCompile>
    <ClCompile Include="ThumbImageTile.cpp">
      <Filter>소스 파일</Filter>
    </ClCompile>
    <ClCompile Include="ThumbNavTile.cpp">
      <Filter>소스 파일</Filter>
    </ClCompile>
    <ClCompile Include="Ficture2Backplate.cpp">
      <Filter>소스 파일</Filter>
    </ClCompile>
    <ClCompile Include="ArchiveReader.cpp">
      <Filter>소스 파일</Filter>
    </ClCompile>
  </ItemGroup>
  <ItemGroup>
    <ResourceCompile Include="FICture2.rc">
      <Filter>리소스 파일</Filter>
    </ResourceCompile>
  </ItemGroup>
  <ItemGroup>
    <Image Include="assets\icons8-folder-144.png">
      <Filter>리소스 파일</Filter>
    </Image>
    <Image Include="F2.ico">
      <Filter>리소스 파일</Filter>
    </Image>
  </ItemGroup>
</Project>